{
  "name": "miniprogram-3",
  "version": "1.0.0",
  "lockfileVersion": 3,
  "requires": true,
  "packages": {
    "": {
      "name": "miniprogram-3",
      "version": "1.0.0",
      "license": "ISC",
      "dependencies": {
        "@vant/weapp": "^1.10.23",
        "node-xlsx": "^0.23.0"
      },
      "devDependencies": {}
    },
    "node_modules/@vant/weapp": {
      "version": "1.10.23",
      "resolved": "https://registry.npmmirror.com/@vant/weapp/-/weapp-1.10.23.tgz",
      "integrity": "sha512-Lqlc0oT89AxR8e4uLmP59xkI1KkWSTWKWV9kXM17CJz55eL0fPMo5jd0d132KpcfRmiwIOVr7TwK8u8v6XIhlg=="
    },
    "node_modules/node-xlsx": {
      "version": "0.23.0",
      "resolved": "https://registry.npmmirror.com/node-xlsx/-/node-xlsx-0.23.0.tgz",
      "integrity": "sha512-r3KaSZSsSrK92rbPXnX/vDdxURmPPik0rjJ3A+Pybzpjyrk4G6WyGfj8JIz5dMMEpCmWVpmO4qoVPBxnpLv/8Q==",
      "dependencies": {
        "xlsx": "https://cdn.sheetjs.com/xlsx-0.19.3/xlsx-0.19.3.tgz"
      },
      "bin": {
        "node-xlsx": "lib/bin/cli.js"
      },
      "engines": {
        "node": ">=10.0.0"
      }
    },
    "node_modules/xlsx": {
      "version": "0.19.3",
      "resolved": "https://cdn.sheetjs.com/xlsx-0.19.3/xlsx-0.19.3.tgz",
      "integrity": "sha512-8IfgFctB7fkvqkTGF2MnrDrC6vzE28Wcc1aSbdDQ+4/WFtzfS73YuapbuaPZwGqpR2e0EeDMIrFOJubQVLWFNA==",
      "license": "Apache-2.0",
      "bin": {
        "xlsx": "bin/xlsx.njs"
      },
      "engines": {
        "node": ">=0.8"
      }
    }
  }
}
